Microsoft Visual Studio Solution File, Format Version 11.00
# Visual Studio 2010
Project("{F184B08F-C81C-45F6-A57F-5ABD9991F28F}") = "ChartPrinting", "ChartPrinting\ChartPrinting.vbproj", "{EE4EEBF0-BFDA-4DB5-8B1C-8C5C2BC50031}"
EndProject
Project("{F184B08F-C81C-45F6-A57F-5ABD9991F28F}") = "ChartPrinting.Web", "ChartPrinting.Web\ChartPrinting.Web.vbproj", "{727F8665-32D8-496C-964E-D94AE0E83FEF}"
EndProject
Global
	GlobalSection(SolutionConfigurationPlatforms) = preSolution
		Debug|Any CPU = Debug|Any CPU
		Release|Any CPU = Release|Any CPU
	EndGlobalSection
	GlobalSection(ProjectConfigurationPlatforms) = postSolution
		{EE4EEBF0-BFDA-4DB5-8B1C-8C5C2BC50031}.Debug|Any CPU.ActiveCfg = Debug|Any CPU
		{EE4EEBF0-BFDA-4DB5-8B1C-8C5C2BC50031}.Debug|Any CPU.Build.0 = Debug|Any CPU
		{EE4EEBF0-BFDA-4DB5-8B1C-8C5C2BC50031}.Release|Any CPU.ActiveCfg = Release|Any CPU
		{EE4EEBF0-BFDA-4DB5-8B1C-8C5C2BC50031}.Release|Any CPU.Build.0 = Release|Any CPU
		{727F8665-32D8-496C-964E-D94AE0E83FEF}.Debug|Any CPU.ActiveCfg = Debug|Any CPU
		{727F8665-32D8-496C-964E-D94AE0E83FEF}.Debug|Any CPU.Build.0 = Debug|Any CPU
		{727F8665-32D8-496C-964E-D94AE0E83FEF}.Release|Any CPU.ActiveCfg = Release|Any CPU
		{727F8665-32D8-496C-964E-D94AE0E83FEF}.Release|Any CPU.Build.0 = Release|Any CPU
	EndGlobalSection
	GlobalSection(SolutionProperties) = preSolution
		HideSolutionNode = FALSE
	EndGlobalSection
EndGlobal
